
Microsoft Visual Studio Solution File, Format Version 12.00
# Visual Studio Version 16
VisualStudioVersion = 16.0.30011.22
MinimumVisualStudioVersion = 10.0.40219.1
Project("{FAE04EC0-301F-11D3-BF4B-00C04F79EFBC}") = "Calculator", "Calculator\Calculator.csproj", "{87B7326E-B6F3-44F1-B949-1E68C611F998}"
EndProject
Global
	GlobalSection(SolutionConfigurationPlatforms) = preSolution
		Debug|Any CPU = Debug|Any CPU
		Release|Any CPU = Release|Any CPU
	EndGlobalSection
	GlobalSection(ProjectConfigurationPlatforms) = postSolution
		{87B7326E-B6F3-44F1-B949-1E68C611F998}.Debug|Any CPU.ActiveCfg = Debug|Any CPU
		{87B7326E-B6F3-44F1-B949-1E68C611F998}.Debug|Any CPU.Build.0 = Debug|Any CPU
		{87B7326E-B6F3-44F1-B949-1E68C611F998}.Release|Any CPU.ActiveCfg = Release|Any CPU
		{87B7326E-B6F3-44F1-B949-1E68C611F998}.Release|Any CPU.Build.0 = Release|Any CPU
	EndGlobalSection
	GlobalSection(SolutionProperties) = preSolution
		HideSolutionNode = FALSE
	EndGlobalSection
	GlobalSection(ExtensibilityGlobals) = postSolution
		SolutionGuid = {FAD5524B-6412-4B5F-8536-8160BB7C1C86}
	EndGlobalSection
EndGlobal
